// !$*UTF8*$!
{
	archiveVersion = 1;
	classes = {
	};
	objectVersion = 56;
	objects = {

/* Begin PBXBuildFile section */
		5E33A59F29408B6E008E7929 /* RollingCounterApp.swift in Sources */ = {isa = PBXBuildFile; fileRef = 5E33A59E29408B6E008E7929 /* RollingCounterApp.swift */; };
		5E33A5A129408B6E008E7929 /* ContentView.swift in Sources */ = {isa = PBXBuildFile; fileRef = 5E33A5A029408B6E008E7929 /* ContentView.swift */; };
		5E33A5A329408B70008E7929 /* Assets.xcassets in Resources */ = {isa = PBXBuildFile; fileRef = 5E33A5A229408B70008E7929 /* Assets.xcassets */; };
		5E33A5A629408B70008E7929 /* Preview Assets.xcassets in Resources */ = {isa = PBXBuildFile; fileRef = 5E33A5A529408B70008E7929 /* Preview Assets.xcassets */; };
		5E33A5AE29408BA6008E7929 /* RollingText.swift in Sources */ = {isa = PBXBuildFile; fileRef = 5E33A5AD29408BA6008E7929 /* RollingText.swift */; };
		5E33A5B8294C628E008E7929 /* image_001.png in Resources */ = {isa = PBXBuildFile; fileRef = 5E33A5B5294C628E008E7929 /* image_001.png */; };
		5E33A5B9294C628E008E7929 /* image_002.png in Resources */ = {isa = PBXBuildFile; fileRef = 5E33A5B6294C628E008E7929 /* image_002.png */; };
		5E33A5BA294C628E008E7929 /* image_003.png in Resources */ = {isa = PBXBuildFile; fileRef = 5E33A5B7294C628E008E7929 /* image_003.png */; };
/* End PBXBuildFile section */

/* Begin PBXFileReference section */
		5E33A59B29408B6E008E7929 /* RollingCounter.app */ = {isa = PBXFileReference; explicitFileType = wrapper.application; includeInIndex = 0; path = RollingCounter.app; sourceTree = BUILT_PRODUCTS_DIR; };
		5E33A59E29408B6E008E7929 /* RollingCounterApp.swift */ = {isa = PBXFileReference; lastKnownFileType = sourcecode.swift; path = RollingCounterApp.swift; sourceTree = "<group>"; };
		5E33A5A029408B6E008E7929 /* ContentView.swift */ = {isa = PBXFileReference; lastKnownFileType = sourcecode.swift; path = ContentView.swift; sourceTree = "<group>"; };
		5E33A5A229408B70008E7929 /* Assets.xcassets */ = {isa = PBXFileReference; lastKnownFileType = folder.assetcatalog; path = Assets.xcassets; sourceTree = "<group>"; };
		5E33A5A529408B70008E7929 /* Preview Assets.xcassets */ = {isa = PBXFileReference; lastKnownFileType = folder.assetcatalog; path = "Preview Assets.xcassets"; sourceTree = "<group>"; };
		5E33A5AD29408BA6008E7929 /* RollingText.swift */ = {isa = PBXFileReference; lastKnownFileType = sourcecode.swift; path = RollingText.swift; sourceTree = "<group>"; };
		5E33A5B5294C628E008E7929 /* image_001.png */ = {isa = PBXFileReference; lastKnownFileType = image.png; path = image_001.png; sourceTree = "<group>"; };
		5E33A5B6294C628E008E7929 /* image_002.png */ = {isa = PBXFileReference; lastKnownFileType = image.png; path = image_002.png; sourceTree = "<group>"; };
		5E33A5B7294C628E008E7929 /* image_003.png */ = {isa = PBXFileReference; lastKnownFileType = image.png; path = image_003.png; sourceTree = "<group>"; };
		5E33A5BF294C641C008E7929 /* License.md */ = {isa = PBXFileReference; lastKnownFileType = net.daringfireball.markdown; path = License.md; sourceTree = "<group>"; };
		5E33A5C0294C6445008E7929 /* README.md */ = {isa = PBXFileReference; lastKnownFileType = net.daringfireball.markdown; path = README.md; sourceTree = "<group>"; };
/* End PBXFileReference section */

/* Begin PBXFrameworksBuildPhase section */
		5E33A59829408B6E008E7929 /* Frameworks */ = {
			isa = PBXFrameworksBuildPhase;
			buildActionMask = 2147483647;
			files = (
			);
			runOnlyForDeploymentPostprocessing = 0;
		};
/* End PBXFrameworksBuildPhase section */

/* Begin PBXGroup section */
		5E33A59229408B6E008E7929 = {
			isa = PBXGroup;
			children = (
				5E33A5C0294C6445008E7929 /* README.md */,
				5E33A5BF294C641C008E7929 /* License.md */,
				5E33A5B4294C6265008E7929 /* Screenshots */,
				5E33A59D29408B6E008E7929 /* RollingCounter */,
				5E33A59C29408B6E008E7929 /* Products */,
			);
			sourceTree = "<group>";
		};
		5E33A59C29408B6E008E7929 /* Products */ = {
			isa = PBXGroup;
			children = (
				5E33A59B29408B6E008E7929 /* RollingCounter.app */,
			);
			name = Products;
			sourceTree = "<group>";
		};
		5E33A59D29408B6E008E7929 /* RollingCounter */ = {
			isa = PBXGroup;
			children = (
				5E33A5AC29408B8C008E7929 /* View */,
				5E33A59E29408B6E008E7929 /* RollingCounterApp.swift */,
				5E33A5A029408B6E008E7929 /* ContentView.swift */,
				5E33A5A229408B70008E7929 /* Assets.xcassets */,
				5E33A5A429408B70008E7929 /* Preview Content */,
			);
			path = RollingCounter;
			sourceTree = "<group>";
		};
		5E33A5A429408B70008E7929 /* Preview Content */ = {
			isa = PBXGroup;
			children = (
				5E33A5A529408B70008E7929 /* Preview Assets.xcassets */,
			);
			path = "Preview Content";
			sourceTree = "<group>";
		};
		5E33A5AC29408B8C008E7929 /* View */ = {
			isa = PBXGroup;
			children = (
				5E33A5AD29408BA6008E7929 /* RollingText.swift */,
			);
			path = View;
			sourceTree = "<group>";
		};
		5E33A5B4294C6265008E7929 /* Screenshots */ = {
			isa = PBXGroup;
			children = (
				5E33A5B5294C628E008E7929 /* image_001.png */,
				5E33A5B6294C628E008E7929 /* image_002.png */,
				5E33A5B7294C628E008E7929 /* image_003.png */,
			);
			path = Screenshots;
			sourceTree = "<group>";
		};
/* End PBXGroup section */

/* Begin PBXNativeTarget section */
		5E33A59A29408B6E008E7929 /* RollingCounter */ = {
			isa = PBXNativeTarget;
			buildConfigurationList = 5E33A5A929408B70008E7929 /* Build configuration list for PBXNativeTarget "RollingCounter" */;
			buildPhases = (
				5E33A59729408B6E008E7929 /* Sources */,
				5E33A59829408B6E008E7929 /* Frameworks */,
				5E33A59929408B6E008E7929 /* Resources */,
			);
			buildRules = (
			);
			dependencies = (
			);
			name = RollingCounter;
			productName = RollingCounter;
			productReference = 5E33A59B29408B6E008E7929 /* RollingCounter.app */;
			productType = "com.apple.product-type.application";
		};
/* End PBXNativeTarget section */

/* Begin PBXProject section */
		5E33A59329408B6E008E7929 /* Project object */ = {
			isa = PBXProject;
			attributes = {
				BuildIndependentTargetsInParallel = 1;
				LastSwiftUpdateCheck = 1400;
				LastUpgradeCheck = 1400;
				TargetAttributes = {
					5E33A59A29408B6E008E7929 = {
						CreatedOnToolsVersion = 14.0.1;
					};
				};
			};
			buildConfigurationList = 5E33A59629408B6E008E7929 /* Build configuration list for PBXProject "RollingCounter" */;
			compatibilityVersion = "Xcode 14.0";
			developmentRegion = en;
			hasScannedForEncodings = 0;
			knownRegions = (
				en,
				Base,
			);
			mainGroup = 5E33A59229408B6E008E7929;
			productRefGroup = 5E33A59C29408B6E008E7929 /* Products */;
			projectDirPath = "";
			projectRoot = "";
			targets = (
				5E33A59A29408B6E008E7929 /* RollingCounter */,
			);
		};
/* End PBXProject section */

/* Begin PBXResourcesBuildPhase section */
		5E33A59929408B6E008E7929 /* Resources */ = {
			isa = PBXResourcesBuildPhase;
			buildActionMask = 2147483647;
			files = (
				5E33A5B9294C628E008E7929 /* image_002.png in Resources */,
				5E33A5A629408B70008E7929 /* Preview Assets.xcassets in Resources */,
				5E33A5A329408B70008E7929 /* Assets.xcassets in Resources */,
				5E33A5BA294C628E008E7929 /* image_003.png in Resources */,
				5E33A5B8294C628E008E7929 /* image_001.png in Resources */,
			);
			runOnlyForDeploymentPostprocessing = 0;
		};
/* End PBXResourcesBuildPhase section */

/* Begin PBXSourcesBuildPhase section */
		5E33A59729408B6E008E7929 /* Sources */ = {
			isa = PBXSourcesBuildPhase;
			buildActionMask = 2147483647;
			files = (
				5E33A5A129408B6E008E7929 /* ContentView.swift in Sources */,
				5E33A59F29408B6E008E7929 /* RollingCounterApp.swift in Sources */,
				5E33A5AE29408BA6008E7929 /* RollingText.swift in Sources */,
			);
			runOnlyForDeploymentPostprocessing = 0;
		};
/* End PBXSourcesBuildPhase section */

/* Begin XCBuildConfiguration section */
		5E33A5A729408B70008E7929 /* Debug */ = {
			isa = XCBuildConfiguration;
			buildSettings = {
				ALWAYS_SEARCH_USER_PATHS = NO;
				CLANG_ANALYZER_NONNULL = YES;
				CLANG_ANALYZER_NUMBER_OBJECT_CONVERSION = YES_AGGRESSIVE;
				CLANG_CXX_LANGUAGE_STANDARD = "gnu++20";
				CLANG_ENABLE_MODULES = YES;
				CLANG_ENABLE_OBJC_ARC = YES;
				CLANG_ENABLE_OBJC_WEAK = YES;
				CLANG_WARN_BLOCK_CAPTURE_AUTORELEASING = YES;
				CLANG_WARN_BOOL_CONVERSION = YES;
				CLANG_WARN_COMMA = YES;
				CLANG_WARN_CONSTANT_CONVERSION = YES;
				CLANG_WARN_DEPRECATED_OBJC_IMPLEMENTATIONS = YES;
				CLANG_WARN_DIRECT_OBJC_ISA_USAGE = YES_ERROR;
				CLANG_WARN_DOCUMENTATION_COMMENTS = YES;
				CLANG_WARN_EMPTY_BODY = YES;
				CLANG_WARN_ENUM_CONVERSION = YES;
				CLANG_WARN_INFINITE_RECURSION = YES;
				CLANG_WARN_INT_CONVERSION = YES;
				CLANG_WARN_NON_LITERAL_NULL_CONVERSION = YES;
				CLANG_WARN_OBJC_IMPLICIT_RETAIN_SELF = YES;
				CLANG_WARN_OBJC_LITERAL_CONVERSION = YES;
				CLANG_WARN_OBJC_ROOT_CLASS = YES_ERROR;
				CLANG_WARN_QUOTED_INCLUDE_IN_FRAMEWORK_HEADER = YES;
				CLANG_WARN_RANGE_LOOP_ANALYSIS = YES;
				CLANG_WARN_STRICT_PROTOTYPES = YES;
				CLANG_WARN_SUSPICIOUS_MOVE = YES;
				CLANG_WARN_UNGUARDED_AVAILABILITY = YES_AGGRESSIVE;
				CLANG_WARN_UNREACHABLE_CODE = YES;
				CLANG_WARN__DUPLICATE_METHOD_MATCH = YES;
				COPY_PHASE_STRIP = NO;
				DEBUG_INFORMATION_FORMAT = dwarf;
				ENABLE_STRICT_OBJC_MSGSEND = YES;
				ENABLE_TESTABILITY = YES;
				GCC_C_LANGUAGE_STANDARD = gnu11;
				GCC_DYNAMIC_NO_PIC = NO;
				GCC_NO_COMMON_BLOCKS = YES;
				GCC_OPTIMIZATION_LEVEL = 0;
				GCC_PREPROCESSOR_DEFINITIONS = (
					"DEBUG=1",
					"$(inherited)",
				);
				GCC_WARN_64_TO_32_BIT_CONVERSION = YES;
				GCC_WARN_ABOUT_RETURN_TYPE = YES_ERROR;
				GCC_WARN_UNDECLARED_SELECTOR = YES;
				GCC_WARN_UNINITIALIZED_AUTOS = YES_AGGRESSIVE;
				GCC_WARN_UNUSED_FUNCTION = YES;
				GCC_WARN_UNUSED_VARIABLE = YES;
				IPHONEOS_DEPLOYMENT_TARGET = 16.0;
				MTL_ENABLE_DEBUG_INFO = INCLUDE_SOURCE;
				MTL_FAST_MATH = YES;
				ONLY_ACTIVE_ARCH = YES;
				SDKROOT = iphoneos;
				SWIFT_ACTIVE_COMPILATION_CONDITIONS = DEBUG;
				SWIFT_OPTIMIZATION_LEVEL = "-Onone";
			};
			name = Debug;
		};
		5E33A5A829408B70008E7929 /* Release */ = {
			isa = XCBuildConfiguration;
			buildSettings = {
				ALWAYS_SEARCH_USER_PATHS = NO;
				CLANG_ANALYZER_NONNULL = YES;
				CLANG_ANALYZER_NUMBER_OBJECT_CONVERSION = YES_AGGRESSIVE;
				CLANG_CXX_LANGUAGE_STANDARD = "gnu++20";
				CLANG_ENABLE_MODULES = YES;
				CLANG_ENABLE_OBJC_ARC = YES;
				CLANG_ENABLE_OBJC_WEAK = YES;
				CLANG_WARN_BLOCK_CAPTURE_AUTORELEASING = YES;
				CLANG_WARN_BOOL_CONVERSION = YES;
				CLANG_WARN_COMMA = YES;
				CLANG_WARN_CONSTANT_CONVERSION = YES;
				CLANG_WARN_DEPRECATED_OBJC_IMPLEMENTATIONS = YES;
				CLANG_WARN_DIRECT_OBJC_ISA_USAGE = YES_ERROR;
				CLANG_WARN_DOCUMENTATION_COMMENTS = YES;
				CLANG_WARN_EMPTY_BODY = YES;
				CLANG_WARN_ENUM_CONVERSION = YES;
				CLANG_WARN_INFINITE_RECURSION = YES;
				CLANG_WARN_INT_CONVERSION = YES;
				CLANG_WARN_NON_LITERAL_NULL_CONVERSION = YES;
				CLANG_WARN_OBJC_IMPLICIT_RETAIN_SELF = YES;
				CLANG_WARN_OBJC_LITERAL_CONVERSION = YES;
				CLANG_WARN_OBJC_ROOT_CLASS = YES_ERROR;
				CLANG_WARN_QUOTED_INCLUDE_IN_FRAMEWORK_HEADER = YES;
				CLANG_WARN_RANGE_LOOP_ANALYSIS = YES;
				CLANG_WARN_STRICT_PROTOTYPES = YES;
				CLANG_WARN_SUSPICIOUS_MOVE = YES;
				CLANG_WARN_UNGUARDED_AVAILABILITY = YES_AGGRESSIVE;
				CLANG_WARN_UNREACHABLE_CODE = YES;
				CLANG_WARN__DUPLICATE_METHOD_MATCH = YES;
				COPY_PHASE_STRIP = NO;
				DEBUG_INFORMATION_FORMAT = "dwarf-with-dsym";
				ENABLE_NS_ASSERTIONS = NO;
				ENABLE_STRICT_OBJC_MSGSEND = YES;
				GCC_C_LANGUAGE_STANDARD = gnu11;
				GCC_NO_COMMON_BLOCKS = YES;
				GCC_WARN_64_TO_32_BIT_CONVERSION = YES;
				GCC_WARN_ABOUT_RETURN_TYPE = YES_ERROR;
				GCC_WARN_UNDECLARED_SELECTOR = YES;
				GCC_WARN_UNINITIALIZED_AUTOS = YES_AGGRESSIVE;
				GCC_WARN_UNUSED_FUNCTION = YES;
				GCC_WARN_UNUSED_VARIABLE = YES;
				IPHONEOS_DEPLOYMENT_TARGET = 16.0;
				MTL_ENABLE_DEBUG_INFO = NO;
				MTL_FAST_MATH = YES;
				SDKROOT = iphoneos;
				SWIFT_COMPILATION_MODE = wholemodule;
				SWIFT_OPTIMIZATION_LEVEL = "-O";
				VALIDATE_PRODUCT = YES;
			};
			name = Release;
		};
		5E33A5AA29408B70008E7929 /* Debug */ = {
			isa = XCBuildConfiguration;
			buildSettings = {
				ASSETCATALOG_COMPILER_APPICON_NAME = AppIcon;
				ASSETCATALOG_COMPILER_GLOBAL_ACCENT_COLOR_NAME = AccentColor;
				CODE_SIGN_STYLE = Automatic;
				CURRENT_PROJECT_VERSION = 1;
				DEVELOPMENT_ASSET_PATHS = "\"RollingCounter/Preview Content\"";
				DEVELOPMENT_TEAM = LGVM9RAH4N;
				ENABLE_PREVIEWS = YES;
				GENERATE_INFOPLIST_FILE = YES;
				INFOPLIST_KEY_UIApplicationSceneManifest_Generation = YES;
				INFOPLIST_KEY_UIApplicationSupportsIndirectInputEvents = YES;
				INFOPLIST_KEY_UILaunchScreen_Generation = YES;
				INFOPLIST_KEY_UISupportedInterfaceOrientations_iPad = "UIInterfaceOrientationPortrait UIInterfaceOrientationPortraitUpsideDown UIInterfaceOrientationLandscapeLeft UIInterfaceOrientationLandscapeRight";
				INFOPLIST_KEY_UISupportedInterfaceOrientations_iPhone = "UIInterfaceOrientationPortrait UIInterfaceOrientationLandscapeLeft UIInterfaceOrientationLandscapeRight";
				LD_RUNPATH_SEARCH_PATHS = (
					"$(inherited)",
					"@executable_path/Frameworks",
				);
				MARKETING_VERSION = 1.0;
				PRODUCT_BUNDLE_IDENTIFIER = com.sergeylukaschuk.RollingCounter;
				PRODUCT_NAME = "$(TARGET_NAME)";
				SWIFT_EMIT_LOC_STRINGS = YES;
				SWIFT_VERSION = 5.0;
				TARGETED_DEVICE_FAMILY = "1,2";
			};
			name = Debug;
		};
		5E33A5AB29408B70008E7929 /* Release */ = {
			isa = XCBuildConfiguration;
			buildSettings = {
				ASSETCATALOG_COMPILER_APPICON_NAME = AppIcon;
				ASSETCATALOG_COMPILER_GLOBAL_ACCENT_COLOR_NAME = AccentColor;
				CODE_SIGN_STYLE = Automatic;
				CURRENT_PROJECT_VERSION = 1;
				DEVELOPMENT_ASSET_PATHS = "\"RollingCounter/Preview Content\"";
				DEVELOPMENT_TEAM = LGVM9RAH4N;
				ENABLE_PREVIEWS = YES;
				GENERATE_INFOPLIST_FILE = YES;
				INFOPLIST_KEY_UIApplicationSceneManifest_Generation = YES;
				INFOPLIST_KEY_UIApplicationSupportsIndirectInputEvents = YES;
				INFOPLIST_KEY_UILaunchScreen_Generation = YES;
				INFOPLIST_KEY_UISupportedInterfaceOrientations_iPad = "UIInterfaceOrientationPortrait UIInterfaceOrientationPortraitUpsideDown UIInterfaceOrientationLandscapeLeft UIInterfaceOrientationLandscapeRight";
				INFOPLIST_KEY_UISupportedInterfaceOrientations_iPhone = "UIInterfaceOrientationPortrait UIInterfaceOrientationLandscapeLeft UIInterfaceOrientationLandscapeRight";
				LD_RUNPATH_SEARCH_PATHS = (
					"$(inherited)",
					"@executable_path/Frameworks",
				);
				MARKETING_VERSION = 1.0;
				PRODUCT_BUNDLE_IDENTIFIER = com.sergeylukaschuk.RollingCounter;
				PRODUCT_NAME = "$(TARGET_NAME)";
				SWIFT_EMIT_LOC_STRINGS = YES;
				SWIFT_VERSION = 5.0;
				TARGETED_DEVICE_FAMILY = "1,2";
			};
			name = Release;
		};
/* End XCBuildConfiguration section */

/* Begin XCConfigurationList section */
		5E33A59629408B6E008E7929 /* Build configuration list for PBXProject "RollingCounter" */ = {
			isa = XCConfigurationList;
			buildConfigurations = (
				5E33A5A729408B70008E7929 /* Debug */,
				5E33A5A829408B70008E7929 /* Release */,
			);
			defaultConfigurationIsVisible = 0;
			defaultConfigurationName = Release;
		};
		5E33A5A929408B70008E7929 /* Build configuration list for PBXNativeTarget "RollingCounter" */ = {
			isa = XCConfigurationList;
			buildConfigurations = (
				5E33A5AA29408B70008E7929 /* Debug */,
				5E33A5AB29408B70008E7929 /* Release */,
			);
			defaultConfigurationIsVisible = 0;
			defaultConfigurationName = Release;
		};
/* End XCConfigurationList section */
	};
	rootObject = 5E33A59329408B6E008E7929 /* Project object */;
}
